
Microsoft Visual Studio Solution File, Format Version 12.00
# Visual Studio Version 16
VisualStudioVersion = 16.0.30611.23
MinimumVisualStudioVersion = 10.0.40219.1
Project("{FAE04EC0-301F-11D3-BF4B-00C04F79EFBC}") = "Nysa.Collections", "Nysa.Collections.csproj", "{B16DA325-8901-4F30-B361-A74B735078A3}"
EndProject
Project("{9A19103F-16F7-4668-BE54-9A1E7A4F7556}") = "Nysa.Logics", "..\Nysa.Logics\Nysa.Logics.csproj", "{3C3DEDB7-9D84-4A37-AAFB-B2D5FF09FFA7}"
EndProject
Global
	GlobalSection(SolutionConfigurationPlatforms) = preSolution
		Debug|Any CPU = Debug|Any CPU
		Release|Any CPU = Release|Any CPU
	EndGlobalSection
	GlobalSection(ProjectConfigurationPlatforms) = postSolution
		{B16DA325-8901-4F30-B361-A74B735078A3}.Debug|Any CPU.ActiveCfg = Debug|Any CPU
		{B16DA325-8901-4F30-B361-A74B735078A3}.Debug|Any CPU.Build.0 = Debug|Any CPU
		{B16DA325-8901-4F30-B361-A74B735078A3}.Release|Any CPU.ActiveCfg = Release|Any CPU
		{B16DA325-8901-4F30-B361-A74B735078A3}.Release|Any CPU.Build.0 = Release|Any CPU
		{3C3DEDB7-9D84-4A37-AAFB-B2D5FF09FFA7}.Debug|Any CPU.ActiveCfg = Debug|Any CPU
		{3C3DEDB7-9D84-4A37-AAFB-B2D5FF09FFA7}.Debug|Any CPU.Build.0 = Debug|Any CPU
		{3C3DEDB7-9D84-4A37-AAFB-B2D5FF09FFA7}.Release|Any CPU.ActiveCfg = Release|Any CPU
		{3C3DEDB7-9D84-4A37-AAFB-B2D5FF09FFA7}.Release|Any CPU.Build.0 = Release|Any CPU
	EndGlobalSection
	GlobalSection(SolutionProperties) = preSolution
		HideSolutionNode = FALSE
	EndGlobalSection
	GlobalSection(ExtensibilityGlobals) = postSolution
		SolutionGuid = {E9A2EC2D-8B01-4C45-ADE3-01890E1E60A0}
	EndGlobalSection
EndGlobal
