Microsoft Visual Studio Solution File, Format Version 12.00
# Visual Studio Version 17
VisualStudioVersion = 17.5.2.0
MinimumVisualStudioVersion = 10.0.40219.1
Project("{FAE04EC0-301F-11D3-BF4B-00C04F79EFBC}") = "Nysa.CodeAnalysis.VbScript", "Nysa.CodeAnalysis.VbScript.csproj", "{2221DD73-5B13-53B8-D662-5034F12E9DEF}"
EndProject
Global
	GlobalSection(SolutionConfigurationPlatforms) = preSolution
		Debug|Any CPU = Debug|Any CPU
		Release|Any CPU = Release|Any CPU
	EndGlobalSection
	GlobalSection(ProjectConfigurationPlatforms) = postSolution
		{2221DD73-5B13-53B8-D662-5034F12E9DEF}.Debug|Any CPU.ActiveCfg = Debug|Any CPU
		{2221DD73-5B13-53B8-D662-5034F12E9DEF}.Debug|Any CPU.Build.0 = Debug|Any CPU
		{2221DD73-5B13-53B8-D662-5034F12E9DEF}.Release|Any CPU.ActiveCfg = Release|Any CPU
		{2221DD73-5B13-53B8-D662-5034F12E9DEF}.Release|Any CPU.Build.0 = Release|Any CPU
	EndGlobalSection
	GlobalSection(SolutionProperties) = preSolution
		HideSolutionNode = FALSE
	EndGlobalSection
	GlobalSection(ExtensibilityGlobals) = postSolution
		SolutionGuid = {EEC1292A-DD9B-420C-8D8F-52AEDFCA15C5}
	EndGlobalSection
EndGlobal
