
Microsoft Visual Studio Solution File, Format Version 12.00
# Visual Studio Version 17
VisualStudioVersion = 17.5.002.0
MinimumVisualStudioVersion = 10.0.40219.1
Project("{9A19103F-16F7-4668-BE54-9A1E7A4F7556}") = "Nysa.CodeAnalysis.VbScript.Demo", "Nysa.CodeAnalysis.VbScript.Demo.csproj", "{AB48FA62-556E-40D5-8985-8D3FA74ECE36}"
EndProject
Global
	GlobalSection(SolutionConfigurationPlatforms) = preSolution
		Debug|Any CPU = Debug|Any CPU
		Release|Any CPU = Release|Any CPU
	EndGlobalSection
	GlobalSection(ProjectConfigurationPlatforms) = postSolution
		{AB48FA62-556E-40D5-8985-8D3FA74ECE36}.Debug|Any CPU.ActiveCfg = Debug|Any CPU
		{AB48FA62-556E-40D5-8985-8D3FA74ECE36}.Debug|Any CPU.Build.0 = Debug|Any CPU
		{AB48FA62-556E-40D5-8985-8D3FA74ECE36}.Release|Any CPU.ActiveCfg = Release|Any CPU
		{AB48FA62-556E-40D5-8985-8D3FA74ECE36}.Release|Any CPU.Build.0 = Release|Any CPU
	EndGlobalSection
	GlobalSection(SolutionProperties) = preSolution
		HideSolutionNode = FALSE
	EndGlobalSection
	GlobalSection(ExtensibilityGlobals) = postSolution
		SolutionGuid = {57CF26CD-B324-404C-AED1-29D3B51BB186}
	EndGlobalSection
EndGlobal
