
Microsoft Visual Studio Solution File, Format Version 12.00
# Visual Studio Version 16
VisualStudioVersion = 16.0.29418.71
MinimumVisualStudioVersion = 10.0.40219.1
Project("{9A19103F-16F7-4668-BE54-9A1E7A4F7556}") = "Nysa.Data.SqlClient", "Nysa.Data.SqlClient.csproj", "{AE4ED57A-1CCA-4B33-876F-A38A35739FF5}"
EndProject
Global
	GlobalSection(SolutionConfigurationPlatforms) = preSolution
		Debug|Any CPU = Debug|Any CPU
		Release|Any CPU = Release|Any CPU
	EndGlobalSection
	GlobalSection(ProjectConfigurationPlatforms) = postSolution
		{AE4ED57A-1CCA-4B33-876F-A38A35739FF5}.Debug|Any CPU.ActiveCfg = Debug|Any CPU
		{AE4ED57A-1CCA-4B33-876F-A38A35739FF5}.Debug|Any CPU.Build.0 = Debug|Any CPU
		{AE4ED57A-1CCA-4B33-876F-A38A35739FF5}.Release|Any CPU.ActiveCfg = Release|Any CPU
		{AE4ED57A-1CCA-4B33-876F-A38A35739FF5}.Release|Any CPU.Build.0 = Release|Any CPU
	EndGlobalSection
	GlobalSection(SolutionProperties) = preSolution
		HideSolutionNode = FALSE
	EndGlobalSection
	GlobalSection(ExtensibilityGlobals) = postSolution
		SolutionGuid = {135B4FAE-8BB2-483E-9828-0414529C1142}
	EndGlobalSection
EndGlobal
